
Microsoft Visual Studio Solution File, Format Version 12.00
# Visual Studio Version 17
VisualStudioVersion = 17.4.33110.190
MinimumVisualStudioVersion = 10.0.40219.1
Project("{FAE04EC0-301F-11D3-BF4B-00C04F79EFBC}") = "Battleship", "Battleship\Battleship.csproj", "{49220306-05E4-4DF0-844C-8A31917550D5}"
EndProject
Global
	GlobalSection(SolutionConfigurationPlatforms) = preSolution
		Debug|Any CPU = Debug|Any CPU
		Release|Any CPU = Release|Any CPU
	EndGlobalSection
	GlobalSection(ProjectConfigurationPlatforms) = postSolution
		{49220306-05E4-4DF0-844C-8A31917550D5}.Debug|Any CPU.ActiveCfg = Debug|Any CPU
		{49220306-05E4-4DF0-844C-8A31917550D5}.Debug|Any CPU.Build.0 = Debug|Any CPU
		{49220306-05E4-4DF0-844C-8A31917550D5}.Release|Any CPU.ActiveCfg = Release|Any CPU
		{49220306-05E4-4DF0-844C-8A31917550D5}.Release|Any CPU.Build.0 = Release|Any CPU
	EndGlobalSection
	GlobalSection(SolutionProperties) = preSolution
		HideSolutionNode = FALSE
	EndGlobalSection
	GlobalSection(ExtensibilityGlobals) = postSolution
		SolutionGuid = {FE15183C-B2F5-4B85-ACA1-0359B157AB30}
	EndGlobalSection
EndGlobal
