
Microsoft Visual Studio Solution File, Format Version 12.00
# Visual Studio Version 17
VisualStudioVersion = 17.4.33110.190
MinimumVisualStudioVersion = 10.0.40219.1
Project("{FAE04EC0-301F-11D3-BF4B-00C04F79EFBC}") = "game2", "game2\game2.csproj", "{D95DA768-D5E8-4C47-A7D6-DEAE24BAD545}"
EndProject
Global
	GlobalSection(SolutionConfigurationPlatforms) = preSolution
		Debug|Any CPU = Debug|Any CPU
		Release|Any CPU = Release|Any CPU
	EndGlobalSection
	GlobalSection(ProjectConfigurationPlatforms) = postSolution
		{D95DA768-D5E8-4C47-A7D6-DEAE24BAD545}.Debug|Any CPU.ActiveCfg = Debug|Any CPU
		{D95DA768-D5E8-4C47-A7D6-DEAE24BAD545}.Debug|Any CPU.Build.0 = Debug|Any CPU
		{D95DA768-D5E8-4C47-A7D6-DEAE24BAD545}.Release|Any CPU.ActiveCfg = Release|Any CPU
		{D95DA768-D5E8-4C47-A7D6-DEAE24BAD545}.Release|Any CPU.Build.0 = Release|Any CPU
	EndGlobalSection
	GlobalSection(SolutionProperties) = preSolution
		HideSolutionNode = FALSE
	EndGlobalSection
	GlobalSection(ExtensibilityGlobals) = postSolution
		SolutionGuid = {788F6063-0E1F-43CF-8E57-E19FB6EBD1B0}
	EndGlobalSection
EndGlobal
